PODS:
  - Alamofire (5.4.1)
  - AlamofireImage (4.1.0):
    - Alamofire (~> 5.1)
  - Bolts/Tasks (1.9.1)
  - lottie-ios (3.2.1)
  - Parse (1.19.2):
    - Parse/Core (= 1.19.2)
  - Parse/Core (1.19.2):
    - Bolts/Tasks (= 1.9.1)
  - TensorFlowLiteC (2.4.0):
    - TensorFlowLiteC/Core (= 2.4.0)
  - TensorFlowLiteC/Core (2.4.0)
  - TensorFlowLiteSwift (2.4.0):
    - TensorFlowLiteSwift/Core (= 2.4.0)
  - TensorFlowLiteSwift/Core (2.4.0):
    - TensorFlowLiteC (= 2.4.0)

DEPENDENCIES:
  - AlamofireImage
  - lottie-ios
  - Parse
  - TensorFlowLiteSwift

SPEC REPOS:
  trunk:
    - Alamofire
    - AlamofireImage
    - Bolts
    - lottie-ios
    - Parse
    - TensorFlowLiteC
    - TensorFlowLiteSwift

SPEC CHECKSUMS:
  Alamofire: 2291f7d21ca607c491dd17642e5d40fdcda0e65c
  AlamofireImage: c4a2ba349885fb3064feb74d2e547bd42ce9be10
  Bolts: 8c1e8aab2f603387b8b9924f57d1d64f43d3ffdc
  lottie-ios: 106e92eaf11fbed0a76590b4cdb9b5ec26123ff7
  Parse: 081fb8755c3000fd11df817eec235def233d0af3
  TensorFlowLiteC: 09f8ac75a76caeadb19bcfa694e97454cc1ecf87
  TensorFlowLiteSwift: f062dc1178120100d825d7799fd9f115b4a37fee

PODFILE CHECKSUM: c4dec7e4ae86f2b55309176250eb0030ec392f8d

COCOAPODS: 1.10.1
