// !$*UTF8*$!
{
	archiveVersion = 1;
	classes = {
	};
	objectVersion = 50;
	objects = {

/* Begin PBXBuildFile section */
		2B98EC9F260D5BB2003AB521 /* AppDelegate.swift in Sources */ = {isa = PBXBuildFile; fileRef = 2B98EC9E260D5BB2003AB521 /* AppDelegate.swift */; };
		2B98ECA1260D5BB2003AB521 /* SceneDelegate.swift in Sources */ = {isa = PBXBuildFile; fileRef = 2B98ECA0260D5BB2003AB521 /* SceneDelegate.swift */; };
		2B98ECA3260D5BB2003AB521 /* ViewController.swift in Sources */ = {isa = PBXBuildFile; fileRef = 2B98ECA2260D5BB2003AB521 /* ViewController.swift */; };
		2B98ECA6260D5BB2003AB521 /* Main.storyboard in Resources */ = {isa = PBXBuildFile; fileRef = 2B98ECA4260D5BB2003AB521 /* Main.storyboard */; };
		2B98ECA8260D5BB2003AB521 /* Assets.xcassets in Resources */ = {isa = PBXBuildFile; fileRef = 2B98ECA7260D5BB2003AB521 /* Assets.xcassets */; };
		2B98ECAB260D5BB2003AB521 /* LaunchScreen.storyboard in Resources */ = {isa = PBXBuildFile; fileRef = 2B98ECA9260D5BB2003AB521 /* LaunchScreen.storyboard */; };
		2B98ECB6260D5BB3003AB521 /* OptiCycleTests.swift in Sources */ = {isa = PBXBuildFile; fileRef = 2B98ECB5260D5BB3003AB521 /* OptiCycleTests.swift */; };
		2B98ECC1260D5BB3003AB521 /* OptiCycleUITests.swift in Sources */ = {isa = PBXBuildFile; fileRef = 2B98ECC0260D5BB3003AB521 /* OptiCycleUITests.swift */; };
/* End PBXBuildFile section */

/* Begin PBXContainerItemProxy section */
		2B98ECB2260D5BB2003AB521 /* PBXContainerItemProxy */ = {
			isa = PBXContainerItemProxy;
			containerPortal = 2B98EC93260D5BB2003AB521 /* Project object */;
			proxyType = 1;
			remoteGlobalIDString = 2B98EC9A260D5BB2003AB521;
			remoteInfo = OptiCycle;
		};
		2B98ECBD260D5BB3003AB521 /* PBXContainerItemProxy */ = {
			isa = PBXContainerItemProxy;
			containerPortal = 2B98EC93260D5BB2003AB521 /* Project object */;
			proxyType = 1;
			remoteGlobalIDString = 2B98EC9A260D5BB2003AB521;
			remoteInfo = OptiCycle;
		};
/* End PBXContainerItemProxy section */

/* Begin PBXFileReference section */
		2B98EC9B260D5BB2003AB521 /* OptiCycle.app */ = {isa = PBXFileReference; explicitFileType = wrapper.application; includeInIndex = 0; path = OptiCycle.app; sourceTree = BUILT_PRODUCTS_DIR; };
		2B98EC9E260D5BB2003AB521 /* AppDelegate.swift */ = {isa = PBXFileReference; lastKnownFileType = sourcecode.swift; path = AppDelegate.swift; sourceTree = "<group>"; };
		2B98ECA0260D5BB2003AB521 /* SceneDelegate.swift */ = {isa = PBXFileReference; lastKnownFileType = sourcecode.swift; path = SceneDelegate.swift; sourceTree = "<group>"; };
		2B98ECA2260D5BB2003AB521 /* ViewController.swift */ = {isa = PBXFileReference; lastKnownFileType = sourcecode.swift; path = ViewController.swift; sourceTree = "<group>"; };
		2B98ECA5260D5BB2003AB521 /* Base */ = {isa = PBXFileReference; lastKnownFileType = file.storyboard; name = Base; path = Base.lproj/Main.storyboard; sourceTree = "<group>"; };
		2B98ECA7260D5BB2003AB521 /* Assets.xcassets */ = {isa = PBXFileReference; lastKnownFileType = folder.assetcatalog; path = Assets.xcassets; sourceTree = "<group>"; };
		2B98ECAA260D5BB2003AB521 /* Base */ = {isa = PBXFileReference; lastKnownFileType = file.storyboard; name = Base; path = Base.lproj/LaunchScreen.storyboard; sourceTree = "<group>"; };
		2B98ECAC260D5BB2003AB521 /* Info.plist */ = {isa = PBXFileReference; lastKnownFileType = text.plist.xml; path = Info.plist; sourceTree = "<group>"; };
		2B98ECB1260D5BB2003AB521 /* OptiCycleTests.xctest */ = {isa = PBXFileReference; explicitFileType = wrapper.cfbundle; includeInIndex = 0; path = OptiCycleTests.xctest; sourceTree = BUILT_PRODUCTS_DIR; };
		2B98ECB5260D5BB3003AB521 /* OptiCycleTests.swift */ = {isa = PBXFileReference; lastKnownFileType = sourcecode.swift; path = OptiCycleTests.swift; sourceTree = "<group>"; };
		2B98ECB7260D5BB3003AB521 /* Info.plist */ = {isa = PBXFileReference; lastKnownFileType = text.plist.xml; path = Info.plist; sourceTree = "<group>"; };
		2B98ECBC260D5BB3003AB521 /* OptiCycleUITests.xctest */ = {isa = PBXFileReference; explicitFileType = wrapper.cfbundle; includeInIndex = 0; path = OptiCycleUITests.xctest; sourceTree = BUILT_PRODUCTS_DIR; };
		2B98ECC0260D5BB3003AB521 /* OptiCycleUITests.swift */ = {isa = PBXFileReference; lastKnownFileType = sourcecode.swift; path = OptiCycleUITests.swift; sourceTree = "<group>"; };
		2B98ECC2260D5BB3003AB521 /* Info.plist */ = {isa = PBXFileReference; lastKnownFileType = text.plist.xml; path = Info.plist; sourceTree = "<group>"; };
/* End PBXFileReference section */

/* Begin PBXFrameworksBuildPhase section */
		2B98EC98260D5BB2003AB521 /* Frameworks */ = {
			isa = PBXFrameworksBuildPhase;
			buildActionMask = 2147483647;
			files = (
			);
			runOnlyForDeploymentPostprocessing = 0;
		};
		2B98ECAE260D5BB2003AB521 /* Frameworks */ = {
			isa = PBXFrameworksBuildPhase;
			buildActionMask = 2147483647;
			files = (
			);
			runOnlyForDeploymentPostprocessing = 0;
		};
		2B98ECB9260D5BB3003AB521 /* Frameworks */ = {
			isa = PBXFrameworksBuildPhase;
			buildActionMask = 2147483647;
			files = (
			);
			runOnlyForDeploymentPostprocessing = 0;
		};
/* End PBXFrameworksBuildPhase section */

/* Begin PBXGroup section */
		2B98EC92260D5BB2003AB521 = {
			isa = PBXGroup;
			children = (
				2B98EC9D260D5BB2003AB521 /* OptiCycle */,
				2B98ECB4260D5BB2003AB521 /* OptiCycleTests */,
				2B98ECBF260D5BB3003AB521 /* OptiCycleUITests */,
				2B98EC9C260D5BB2003AB521 /* Products */,
			);
			sourceTree = "<group>";
		};
		2B98EC9C260D5BB2003AB521 /* Products */ = {
			isa = PBXGroup;
			children = (
				2B98EC9B260D5BB2003AB521 /* OptiCycle.app */,
				2B98ECB1260D5BB2003AB521 /* OptiCycleTests.xctest */,
				2B98ECBC260D5BB3003AB521 /* OptiCycleUITests.xctest */,
			);
			name = Products;
			sourceTree = "<group>";
		};
		2B98EC9D260D5BB2003AB521 /* OptiCycle */ = {
			isa = PBXGroup;
			children = (
				2B98EC9E260D5BB2003AB521 /* AppDelegate.swift */,
				2B98ECA0260D5BB2003AB521 /* SceneDelegate.swift */,
				2B98ECA2260D5BB2003AB521 /* ViewController.swift */,
				2B98ECA4260D5BB2003AB521 /* Main.storyboard */,
				2B98ECA7260D5BB2003AB521 /* Assets.xcassets */,
				2B98ECA9260D5BB2003AB521 /* LaunchScreen.storyboard */,
				2B98ECAC260D5BB2003AB521 /* Info.plist */,
			);
			path = OptiCycle;
			sourceTree = "<group>";
		};
		2B98ECB4260D5BB2003AB521 /* OptiCycleTests */ = {
			isa = PBXGroup;
			children = (
				2B98ECB5260D5BB3003AB521 /* OptiCycleTests.swift */,
				2B98ECB7260D5BB3003AB521 /* Info.plist */,
			);
			path = OptiCycleTests;
			sourceTree = "<group>";
		};
		2B98ECBF260D5BB3003AB521 /* OptiCycleUITests */ = {
			isa = PBXGroup;
			children = (
				2B98ECC0260D5BB3003AB521 /* OptiCycleUITests.swift */,
				2B98ECC2260D5BB3003AB521 /* Info.plist */,
			);
			path = OptiCycleUITests;
			sourceTree = "<group>";
		};
/* End PBXGroup section */

/* Begin PBXNativeTarget section */
		2B98EC9A260D5BB2003AB521 /* OptiCycle */ = {
			isa = PBXNativeTarget;
			buildConfigurationList = 2B98ECC5260D5BB3003AB521 /* Build configuration list for PBXNativeTarget "OptiCycle" */;
			buildPhases = (
				2B98EC97260D5BB2003AB521 /* Sources */,
				2B98EC98260D5BB2003AB521 /* Frameworks */,
				2B98EC99260D5BB2003AB521 /* Resources */,
			);
			buildRules = (
			);
			dependencies = (
			);
			name = OptiCycle;
			productName = OptiCycle;
			productReference = 2B98EC9B260D5BB2003AB521 /* OptiCycle.app */;
			productType = "com.apple.product-type.application";
		};
		2B98ECB0260D5BB2003AB521 /* OptiCycleTests */ = {
			isa = PBXNativeTarget;
			buildConfigurationList = 2B98ECC8260D5BB3003AB521 /* Build configuration list for PBXNativeTarget "OptiCycleTests" */;
			buildPhases = (
				2B98ECAD260D5BB2003AB521 /* Sources */,
				2B98ECAE260D5BB2003AB521 /* Frameworks */,
				2B98ECAF260D5BB2003AB521 /* Resources */,
			);
			buildRules = (
			);
			dependencies = (
				2B98ECB3260D5BB2003AB521 /* PBXTargetDependency */,
			);
			name = OptiCycleTests;
			productName = OptiCycleTests;
			productReference = 2B98ECB1260D5BB2003AB521 /* OptiCycleTests.xctest */;
			productType = "com.apple.product-type.bundle.unit-test";
		};
		2B98ECBB260D5BB3003AB521 /* OptiCycleUITests */ = {
			isa = PBXNativeTarget;
			buildConfigurationList = 2B98ECCB260D5BB3003AB521 /* Build configuration list for PBXNativeTarget "OptiCycleUITests" */;
			buildPhases = (
				2B98ECB8260D5BB3003AB521 /* Sources */,
				2B98ECB9260D5BB3003AB521 /* Frameworks */,
				2B98ECBA260D5BB3003AB521 /* Resources */,
			);
			buildRules = (
			);
			dependencies = (
				2B98ECBE260D5BB3003AB521 /* PBXTargetDependency */,
			);
			name = OptiCycleUITests;
			productName = OptiCycleUITests;
			productReference = 2B98ECBC260D5BB3003AB521 /* OptiCycleUITests.xctest */;
			productType = "com.apple.product-type.bundle.ui-testing";
		};
/* End PBXNativeTarget section */

/* Begin PBXProject section */
		2B98EC93260D5BB2003AB521 /* Project object */ = {
			isa = PBXProject;
			attributes = {
				LastSwiftUpdateCheck = 1240;
				LastUpgradeCheck = 1240;
				TargetAttributes = {
					2B98EC9A260D5BB2003AB521 = {
						CreatedOnToolsVersion = 12.4;
					};
					2B98ECB0260D5BB2003AB521 = {
						CreatedOnToolsVersion = 12.4;
						TestTargetID = 2B98EC9A260D5BB2003AB521;
					};
					2B98ECBB260D5BB3003AB521 = {
						CreatedOnToolsVersion = 12.4;
						TestTargetID = 2B98EC9A260D5BB2003AB521;
					};
				};
			};
			buildConfigurationList = 2B98EC96260D5BB2003AB521 /* Build configuration list for PBXProject "OptiCycle" */;
			compatibilityVersion = "Xcode 9.3";
			developmentRegion = en;
			hasScannedForEncodings = 0;
			knownRegions = (
				en,
				Base,
			);
			mainGroup = 2B98EC92260D5BB2003AB521;
			productRefGroup = 2B98EC9C260D5BB2003AB521 /* Products */;
			projectDirPath = "";
			projectRoot = "";
			targets = (
				2B98EC9A260D5BB2003AB521 /* OptiCycle */,
				2B98ECB0260D5BB2003AB521 /* OptiCycleTests */,
				2B98ECBB260D5BB3003AB521 /* OptiCycleUITests */,
			);
		};
/* End PBXProject section */

/* Begin PBXResourcesBuildPhase section */
		2B98EC99260D5BB2003AB521 /* Resources */ = {
			isa = PBXResourcesBuildPhase;
			buildActionMask = 2147483647;
			files = (
				2B98ECAB260D5BB2003AB521 /* LaunchScreen.storyboard in Resources */,
				2B98ECA8260D5BB2003AB521 /* Assets.xcassets in Resources */,
				2B98ECA6260D5BB2003AB521 /* Main.storyboard in Resources */,
			);
			runOnlyForDeploymentPostprocessing = 0;
		};
		2B98ECAF260D5BB2003AB521 /* Resources */ = {
			isa = PBXResourcesBuildPhase;
			buildActionMask = 2147483647;
			files = (
			);
			runOnlyForDeploymentPostprocessing = 0;
		};
		2B98ECBA260D5BB3003AB521 /* Resources */ = {
			isa = PBXResourcesBuildPhase;
			buildActionMask = 2147483647;
			files = (
			);
			runOnlyForDeploymentPostprocessing = 0;
		};
/* End PBXResourcesBuildPhase section */

/* Begin PBXSourcesBuildPhase section */
		2B98EC97260D5BB2003AB521 /* Sources */ = {
			isa = PBXSourcesBuildPhase;
			buildActionMask = 2147483647;
			files = (
				2B98ECA3260D5BB2003AB521 /* ViewController.swift in Sources */,
				2B98EC9F260D5BB2003AB521 /* AppDelegate.swift in Sources */,
				2B98ECA1260D5BB2003AB521 /* SceneDelegate.swift in Sources */,
			);
			runOnlyForDeploymentPostprocessing = 0;
		};
		2B98ECAD260D5BB2003AB521 /* Sources */ = {
			isa = PBXSourcesBuildPhase;
			buildActionMask = 2147483647;
			files = (
				2B98ECB6260D5BB3003AB521 /* OptiCycleTests.swift in Sources */,
			);
			runOnlyForDeploymentPostprocessing = 0;
		};
		2B98ECB8260D5BB3003AB521 /* Sources */ = {
			isa = PBXSourcesBuildPhase;
			buildActionMask = 2147483647;
			files = (
				2B98ECC1260D5BB3003AB521 /* OptiCycleUITests.swift in Sources */,
			);
			runOnlyForDeploymentPostprocessing = 0;
		};
/* End PBXSourcesBuildPhase section */

/* Begin PBXTargetDependency section */
		2B98ECB3260D5BB2003AB521 /* PBXTargetDependency */ = {
			isa = PBXTargetDependency;
			target = 2B98EC9A260D5BB2003AB521 /* OptiCycle */;
			targetProxy = 2B98ECB2260D5BB2003AB521 /* PBXContainerItemProxy */;
		};
		2B98ECBE260D5BB3003AB521 /* PBXTargetDependency */ = {
			isa = PBXTargetDependency;
			target = 2B98EC9A260D5BB2003AB521 /* OptiCycle */;
			targetProxy = 2B98ECBD260D5BB3003AB521 /* PBXContainerItemProxy */;
		};
/* End PBXTargetDependency section */

/* Begin PBXVariantGroup section */
		2B98ECA4260D5BB2003AB521 /* Main.storyboard */ = {
			isa = PBXVariantGroup;
			children = (
				2B98ECA5260D5BB2003AB521 /* Base */,
			);
			name = Main.storyboard;
			sourceTree = "<group>";
		};
		2B98ECA9260D5BB2003AB521 /* LaunchScreen.storyboard */ = {
			isa = PBXVariantGroup;
			children = (
				2B98ECAA260D5BB2003AB521 /* Base */,
			);
			name = LaunchScreen.storyboard;
			sourceTree = "<group>";
		};
/* End PBXVariantGroup section */

/* Begin XCBuildConfiguration section */
		2B98ECC3260D5BB3003AB521 /* Debug */ = {
			isa = XCBuildConfiguration;
			buildSettings = {
				ALWAYS_SEARCH_USER_PATHS = NO;
				CLANG_ANALYZER_NONNULL = YES;
				CLANG_ANALYZER_NUMBER_OBJECT_CONVERSION = YES_AGGRESSIVE;
				CLANG_CXX_LANGUAGE_STANDARD = "gnu++14";
				CLANG_CXX_LIBRARY = "libc++";
				CLANG_ENABLE_MODULES = YES;
				CLANG_ENABLE_OBJC_ARC = YES;
				CLANG_ENABLE_OBJC_WEAK = YES;
				CLANG_WARN_BLOCK_CAPTURE_AUTORELEASING = YES;
				CLANG_WARN_BOOL_CONVERSION = YES;
				CLANG_WARN_COMMA = YES;
				CLANG_WARN_CONSTANT_CONVERSION = YES;
				CLANG_WARN_DEPRECATED_OBJC_IMPLEMENTATIONS = YES;
				CLANG_WARN_DIRECT_OBJC_ISA_USAGE = YES_ERROR;
				CLANG_WARN_DOCUMENTATION_COMMENTS = YES;
				CLANG_WARN_EMPTY_BODY = YES;
				CLANG_WARN_ENUM_CONVERSION = YES;
				CLANG_WARN_INFINITE_RECURSION = YES;
				CLANG_WARN_INT_CONVERSION = YES;
				CLANG_WARN_NON_LITERAL_NULL_CONVERSION = YES;
				CLANG_WARN_OBJC_IMPLICIT_RETAIN_SELF = YES;
				CLANG_WARN_OBJC_LITERAL_CONVERSION = YES;
				CLANG_WARN_OBJC_ROOT_CLASS = YES_ERROR;
				CLANG_WARN_QUOTED_INCLUDE_IN_FRAMEWORK_HEADER = YES;
				CLANG_WARN_RANGE_LOOP_ANALYSIS = YES;
				CLANG_WARN_STRICT_PROTOTYPES = YES;
				CLANG_WARN_SUSPICIOUS_MOVE = YES;
				CLANG_WARN_UNGUARDED_AVAILABILITY = YES_AGGRESSIVE;
				CLANG_WARN_UNREACHABLE_CODE = YES;
				CLANG_WARN__DUPLICATE_METHOD_MATCH = YES;
				COPY_PHASE_STRIP = NO;
				DEBUG_INFORMATION_FORMAT = dwarf;
				ENABLE_STRICT_OBJC_MSGSEND = YES;
				ENABLE_TESTABILITY = YES;
				GCC_C_LANGUAGE_STANDARD = gnu11;
				GCC_DYNAMIC_NO_PIC = NO;
				GCC_NO_COMMON_BLOCKS = YES;
				GCC_OPTIMIZATION_LEVEL = 0;
				GCC_PREPROCESSOR_DEFINITIONS = (
					"DEBUG=1",
					"$(inherited)",
				);
				GCC_WARN_64_TO_32_BIT_CONVERSION = YES;
				GCC_WARN_ABOUT_RETURN_TYPE = YES_ERROR;
				GCC_WARN_UNDECLARED_SELECTOR = YES;
				GCC_WARN_UNINITIALIZED_AUTOS = YES_AGGRESSIVE;
				GCC_WARN_UNUSED_FUNCTION = YES;
				GCC_WARN_UNUSED_VARIABLE = YES;
				IPHONEOS_DEPLOYMENT_TARGET = 14.4;
				MTL_ENABLE_DEBUG_INFO = INCLUDE_SOURCE;
				MTL_FAST_MATH = YES;
				ONLY_ACTIVE_ARCH = YES;
				SDKROOT = iphoneos;
				SWIFT_ACTIVE_COMPILATION_CONDITIONS = DEBUG;
				SWIFT_OPTIMIZATION_LEVEL = "-Onone";
			};
			name = Debug;
		};
		2B98ECC4260D5BB3003AB521 /* Release */ = {
			isa = XCBuildConfiguration;
			buildSettings = {
				ALWAYS_SEARCH_USER_PATHS = NO;
				CLANG_ANALYZER_NONNULL = YES;
				CLANG_ANALYZER_NUMBER_OBJECT_CONVERSION = YES_AGGRESSIVE;
				CLANG_CXX_LANGUAGE_STANDARD = "gnu++14";
				CLANG_CXX_LIBRARY = "libc++";
				CLANG_ENABLE_MODULES = YES;
				CLANG_ENABLE_OBJC_ARC = YES;
				CLANG_ENABLE_OBJC_WEAK = YES;
				CLANG_WARN_BLOCK_CAPTURE_AUTORELEASING = YES;
				CLANG_WARN_BOOL_CONVERSION = YES;
				CLANG_WARN_COMMA = YES;
				CLANG_WARN_CONSTANT_CONVERSION = YES;
				CLANG_WARN_DEPRECATED_OBJC_IMPLEMENTATIONS = YES;
				CLANG_WARN_DIRECT_OBJC_ISA_USAGE = YES_ERROR;
				CLANG_WARN_DOCUMENTATION_COMMENTS = YES;
				CLANG_WARN_EMPTY_BODY = YES;
				CLANG_WARN_ENUM_CONVERSION = YES;
				CLANG_WARN_INFINITE_RECURSION = YES;
				CLANG_WARN_INT_CONVERSION = YES;
				CLANG_WARN_NON_LITERAL_NULL_CONVERSION = YES;
				CLANG_WARN_OBJC_IMPLICIT_RETAIN_SELF = YES;
				CLANG_WARN_OBJC_LITERAL_CONVERSION = YES;
				CLANG_WARN_OBJC_ROOT_CLASS = YES_ERROR;
				CLANG_WARN_QUOTED_INCLUDE_IN_FRAMEWORK_HEADER = YES;
				CLANG_WARN_RANGE_LOOP_ANALYSIS = YES;
				CLANG_WARN_STRICT_PROTOTYPES = YES;
				CLANG_WARN_SUSPICIOUS_MOVE = YES;
				CLANG_WARN_UNGUARDED_AVAILABILITY = YES_AGGRESSIVE;
				CLANG_WARN_UNREACHABLE_CODE = YES;
				CLANG_WARN__DUPLICATE_METHOD_MATCH = YES;
				COPY_PHASE_STRIP = NO;
				DEBUG_INFORMATION_FORMAT = "dwarf-with-dsym";
				ENABLE_NS_ASSERTIONS = NO;
				ENABLE_STRICT_OBJC_MSGSEND = YES;
				GCC_C_LANGUAGE_STANDARD = gnu11;
				GCC_NO_COMMON_BLOCKS = YES;
				GCC_WARN_64_TO_32_BIT_CONVERSION = YES;
				GCC_WARN_ABOUT_RETURN_TYPE = YES_ERROR;
				GCC_WARN_UNDECLARED_SELECTOR = YES;
				GCC_WARN_UNINITIALIZED_AUTOS = YES_AGGRESSIVE;
				GCC_WARN_UNUSED_FUNCTION = YES;
				GCC_WARN_UNUSED_VARIABLE = YES;
				IPHONEOS_DEPLOYMENT_TARGET = 14.4;
				MTL_ENABLE_DEBUG_INFO = NO;
				MTL_FAST_MATH = YES;
				SDKROOT = iphoneos;
				SWIFT_COMPILATION_MODE = wholemodule;
				SWIFT_OPTIMIZATION_LEVEL = "-O";
				VALIDATE_PRODUCT = YES;
			};
			name = Release;
		};
		2B98ECC6260D5BB3003AB521 /* Debug */ = {
			isa = XCBuildConfiguration;
			buildSettings = {
				ASSETCATALOG_COMPILER_APPICON_NAME = AppIcon;
				ASSETCATALOG_COMPILER_GLOBAL_ACCENT_COLOR_NAME = AccentColor;
				CODE_SIGN_STYLE = Automatic;
				DEVELOPMENT_TEAM = V848CS48D4;
				INFOPLIST_FILE = OptiCycle/Info.plist;
				LD_RUNPATH_SEARCH_PATHS = (
					"$(inherited)",
					"@executable_path/Frameworks",
				);
				PRODUCT_BUNDLE_IDENTIFIER = codepath.OptiCycle;
				PRODUCT_NAME = "$(TARGET_NAME)";
				SWIFT_VERSION = 5.0;
				TARGETED_DEVICE_FAMILY = "1,2";
			};
			name = Debug;
		};
		2B98ECC7260D5BB3003AB521 /* Release */ = {
			isa = XCBuildConfiguration;
			buildSettings = {
				ASSETCATALOG_COMPILER_APPICON_NAME = AppIcon;
				ASSETCATALOG_COMPILER_GLOBAL_ACCENT_COLOR_NAME = AccentColor;
				CODE_SIGN_STYLE = Automatic;
				DEVELOPMENT_TEAM = V848CS48D4;
				INFOPLIST_FILE = OptiCycle/Info.plist;
				LD_RUNPATH_SEARCH_PATHS = (
					"$(inherited)",
					"@executable_path/Frameworks",
				);
				PRODUCT_BUNDLE_IDENTIFIER = codepath.OptiCycle;
				PRODUCT_NAME = "$(TARGET_NAME)";
				SWIFT_VERSION = 5.0;
				TARGETED_DEVICE_FAMILY = "1,2";
			};
			name = Release;
		};
		2B98ECC9260D5BB3003AB521 /* Debug */ = {
			isa = XCBuildConfiguration;
			buildSettings = {
				ALWAYS_EMBED_SWIFT_STANDARD_LIBRARIES = YES;
				BUNDLE_LOADER = "$(TEST_HOST)";
				CODE_SIGN_STYLE = Automatic;
				DEVELOPMENT_TEAM = V848CS48D4;
				INFOPLIST_FILE = OptiCycleTests/Info.plist;
				IPHONEOS_DEPLOYMENT_TARGET = 14.4;
				LD_RUNPATH_SEARCH_PATHS = (
					"$(inherited)",
					"@executable_path/Frameworks",
					"@loader_path/Frameworks",
				);
				PRODUCT_BUNDLE_IDENTIFIER = codepath.OptiCycleTests;
				PRODUCT_NAME = "$(TARGET_NAME)";
				SWIFT_VERSION = 5.0;
				TARGETED_DEVICE_FAMILY = "1,2";
				TEST_HOST = "$(BUILT_PRODUCTS_DIR)/OptiCycle.app/OptiCycle";
			};
			name = Debug;
		};
		2B98ECCA260D5BB3003AB521 /* Release */ = {
			isa = XCBuildConfiguration;
			buildSettings = {
				ALWAYS_EMBED_SWIFT_STANDARD_LIBRARIES = YES;
				BUNDLE_LOADER = "$(TEST_HOST)";
				CODE_SIGN_STYLE = Automatic;
				DEVELOPMENT_TEAM = V848CS48D4;
				INFOPLIST_FILE = OptiCycleTests/Info.plist;
				IPHONEOS_DEPLOYMENT_TARGET = 14.4;
				LD_RUNPATH_SEARCH_PATHS = (
					"$(inherited)",
					"@executable_path/Frameworks",
					"@loader_path/Frameworks",
				);
				PRODUCT_BUNDLE_IDENTIFIER = codepath.OptiCycleTests;
				PRODUCT_NAME = "$(TARGET_NAME)";
				SWIFT_VERSION = 5.0;
				TARGETED_DEVICE_FAMILY = "1,2";
				TEST_HOST = "$(BUILT_PRODUCTS_DIR)/OptiCycle.app/OptiCycle";
			};
			name = Release;
		};
		2B98ECCC260D5BB3003AB521 /* Debug */ = {
			isa = XCBuildConfiguration;
			buildSettings = {
				ALWAYS_EMBED_SWIFT_STANDARD_LIBRARIES = YES;
				CODE_SIGN_STYLE = Automatic;
				DEVELOPMENT_TEAM = V848CS48D4;
				INFOPLIST_FILE = OptiCycleUITests/Info.plist;
				LD_RUNPATH_SEARCH_PATHS = (
					"$(inherited)",
					"@executable_path/Frameworks",
					"@loader_path/Frameworks",
				);
				PRODUCT_BUNDLE_IDENTIFIER = codepath.OptiCycleUITests;
				PRODUCT_NAME = "$(TARGET_NAME)";
				SWIFT_VERSION = 5.0;
				TARGETED_DEVICE_FAMILY = "1,2";
				TEST_TARGET_NAME = OptiCycle;
			};
			name = Debug;
		};
		2B98ECCD260D5BB3003AB521 /* Release */ = {
			isa = XCBuildConfiguration;
			buildSettings = {
				ALWAYS_EMBED_SWIFT_STANDARD_LIBRARIES = YES;
				CODE_SIGN_STYLE = Automatic;
				DEVELOPMENT_TEAM = V848CS48D4;
				INFOPLIST_FILE = OptiCycleUITests/Info.plist;
				LD_RUNPATH_SEARCH_PATHS = (
					"$(inherited)",
					"@executable_path/Frameworks",
					"@loader_path/Frameworks",
				);
				PRODUCT_BUNDLE_IDENTIFIER = codepath.OptiCycleUITests;
				PRODUCT_NAME = "$(TARGET_NAME)";
				SWIFT_VERSION = 5.0;
				TARGETED_DEVICE_FAMILY = "1,2";
				TEST_TARGET_NAME = OptiCycle;
			};
			name = Release;
		};
/* End XCBuildConfiguration section */

/* Begin XCConfigurationList section */
		2B98EC96260D5BB2003AB521 /* Build configuration list for PBXProject "OptiCycle" */ = {
			isa = XCConfigurationList;
			buildConfigurations = (
				2B98ECC3260D5BB3003AB521 /* Debug */,
				2B98ECC4260D5BB3003AB521 /* Release */,
			);
			defaultConfigurationIsVisible = 0;
			defaultConfigurationName = Release;
		};
		2B98ECC5260D5BB3003AB521 /* Build configuration list for PBXNativeTarget "OptiCycle" */ = {
			isa = XCConfigurationList;
			buildConfigurations = (
				2B98ECC6260D5BB3003AB521 /* Debug */,
				2B98ECC7260D5BB3003AB521 /* Release */,
			);
			defaultConfigurationIsVisible = 0;
			defaultConfigurationName = Release;
		};
		2B98ECC8260D5BB3003AB521 /* Build configuration list for PBXNativeTarget "OptiCycleTests" */ = {
			isa = XCConfigurationList;
			buildConfigurations = (
				2B98ECC9260D5BB3003AB521 /* Debug */,
				2B98ECCA260D5BB3003AB521 /* Release */,
			);
			defaultConfigurationIsVisible = 0;
			defaultConfigurationName = Release;
		};
		2B98ECCB260D5BB3003AB521 /* Build configuration list for PBXNativeTarget "OptiCycleUITests" */ = {
			isa = XCConfigurationList;
			buildConfigurations = (
				2B98ECCC260D5BB3003AB521 /* Debug */,
				2B98ECCD260D5BB3003AB521 /* Release */,
			);
			defaultConfigurationIsVisible = 0;
			defaultConfigurationName = Release;
		};
/* End XCConfigurationList section */
	};
	rootObject = 2B98EC93260D5BB2003AB521 /* Project object */;
}
